{
  "name": "zenith-zone-gym-website",
  "version": "1.0.0",
  "lockfileVersion": 3,
  "requires": true,
  "packages": {
    "": {
      "name": "zenith-zone-gym-website",
      "version": "1.0.0",
      "dependencies": {
        "@fontsource/barlow": "5.2.8",
        "@fontsource/barlow-condensed": "5.2.8"
      },
      "engines": {
        "node": ">=20.0.0"
      }
    },
    "node_modules/@fontsource/barlow": {
      "version": "5.2.8",
      "resolved": "https://registry.npmjs.org/@fontsource/barlow/-/barlow-5.2.8.tgz",
      "integrity": "sha512-iuFOnY4OI2cd1STrJ3NdJNzWjhcwv6JarmqfdoZzAmz9g0jTVjES86MNbuBxqVR3ydbTEjo4opEl24GXScRM7w==",
      "license": "OFL-1.1",
      "funding": {
        "url": "https://github.com/sponsors/ayuhito"
      }
    },
    "node_modules/@fontsource/barlow-condensed": {
      "version": "5.2.8",
      "resolved": "https://registry.npmjs.org/@fontsource/barlow-condensed/-/barlow-condensed-5.2.8.tgz",
      "integrity": "sha512-cmCWNfh7oCmfarGDlhiJRkl4HOgt9aOqki7IYtDOaI3qLCeEO/8VjiZeAx/2PEPf4K36YxXDjAlOWwW/anQUZA==",
      "license": "OFL-1.1",
      "funding": {
        "url": "https://github.com/sponsors/ayuhito"
      }
    }
  }
}
